
Microsoft Visual Studio Solution File, Format Version 12.00
# Visual Studio Version 17
VisualStudioVersion = 17.7.34024.191
MinimumVisualStudioVersion = 10.0.40219.1
Project("{FAE04EC0-301F-11D3-BF4B-00C04F79EFBC}") = "TestProj2Empty3.1", "TestProj2Empty3.1\TestProj2Empty3.1.csproj", "{7828A92F-C547-467B-A4F0-40EB375A11C1}"
EndProject
Global
	GlobalSection(SolutionConfigurationPlatforms) = preSolution
		Debug|Any CPU = Debug|Any CPU
		Release|Any CPU = Release|Any CPU
	EndGlobalSection
	GlobalSection(ProjectConfigurationPlatforms) = postSolution
		{7828A92F-C547-467B-A4F0-40EB375A11C1}.Debug|Any CPU.ActiveCfg = Debug|Any CPU
		{7828A92F-C547-467B-A4F0-40EB375A11C1}.Debug|Any CPU.Build.0 = Debug|Any CPU
		{7828A92F-C547-467B-A4F0-40EB375A11C1}.Release|Any CPU.ActiveCfg = Release|Any CPU
		{7828A92F-C547-467B-A4F0-40EB375A11C1}.Release|Any CPU.Build.0 = Release|Any CPU
	EndGlobalSection
	GlobalSection(SolutionProperties) = preSolution
		HideSolutionNode = FALSE
	EndGlobalSection
	GlobalSection(ExtensibilityGlobals) = postSolution
		SolutionGuid = {AACBF9E7-3C31-49BC-809E-7AA8677076E4}
	EndGlobalSection
EndGlobal
